{
  "name": "buy",
  "version": "1.0.0",
  "lockfileVersion": 1,
  "requires": true,
  "dependencies": {
    "ccxt": {
      "version": "1.30.31",
      "resolved": "https://registry.npmjs.org/ccxt/-/ccxt-1.30.31.tgz",
      "integrity": "sha512-+DXcjOPbapLCay35nor/I4Z0sbBRQDOTLnZjMJdMt5dpNFG4UWthLwuCib792dwQWeuKbIy+UUJVvjO05n5Hqw=="
    },
    "dotenv": {
      "version": "8.2.0",
      "resolved": "https://registry.npmjs.org/dotenv/-/dotenv-8.2.0.tgz",
      "integrity": "sha512-8sJ78ElpbDJBHNeBzUbUVLsqKdccaa/BXF1uPTw3GrvQTBgrQrtObr2mUrE38vzYd8cEv+m/JBfDLioYcfXoaw=="
    }
  }
}
